// !$*UTF8*$!
{
	archiveVersion = 1;
	classes = {
	};
	objectVersion = 77;
	objects = {

/* Begin PBXBuildFile section */
		1AE190192E332C8D0009FE64 /* MarkdownUI in Frameworks */ = {isa = PBXBuildFile; productRef = 1AE190182E332C8D0009FE64 /* MarkdownUI */; };
		1AE1901B2E332C9C0009FE64 /* ToastUI in Frameworks */ = {isa = PBXBuildFile; productRef = 1AE1901A2E332C9C0009FE64 /* ToastUI */; };
		1AE1901D2E332CAD0009FE64 /* Ink in Frameworks */ = {isa = PBXBuildFile; productRef = 1AE1901C2E332CAD0009FE64 /* Ink */; };
		1AE1901F2E332CAD0009FE64 /* ink-cli in Frameworks */ = {isa = PBXBuildFile; productRef = 1AE1901E2E332CAD0009FE64 /* ink-cli */; };
/* End PBXBuildFile section */

/* Begin PBXContainerItemProxy section */
		1AE18FFC2E332A660009FE64 /* PBXContainerItemProxy */ = {
			isa = PBXContainerItemProxy;
			containerPortal = 1A943B3F2E3321FE00E80034 /* Project object */;
			proxyType = 1;
			remoteGlobalIDString = 1AE18FED2E332A640009FE64;
			remoteInfo = MarkdownExportHelper;
		};
		1AE190062E332A660009FE64 /* PBXContainerItemProxy */ = {
			isa = PBXContainerItemProxy;
			containerPortal = 1A943B3F2E3321FE00E80034 /* Project object */;
			proxyType = 1;
			remoteGlobalIDString = 1AE18FED2E332A640009FE64;
			remoteInfo = MarkdownExportHelper;
		};
/* End PBXContainerItemProxy section */

/* Begin PBXFileReference section */
		1AE18FEE2E332A640009FE64 /* MarkdownExportHelper.app */ = {isa = PBXFileReference; explicitFileType = wrapper.application; includeInIndex = 0; path = MarkdownExportHelper.app; sourceTree = BUILT_PRODUCTS_DIR; };
		1AE18FFB2E332A660009FE64 /* MarkdownExportHelperTests.xctest */ = {isa = PBXFileReference; explicitFileType = wrapper.cfbundle; includeInIndex = 0; path = MarkdownExportHelperTests.xctest; sourceTree = BUILT_PRODUCTS_DIR; };
		1AE190052E332A660009FE64 /* MarkdownExportHelperUITests.xctest */ = {isa = PBXFileReference; explicitFileType = wrapper.cfbundle; includeInIndex = 0; path = MarkdownExportHelperUITests.xctest; sourceTree = BUILT_PRODUCTS_DIR; };
/* End PBXFileReference section */

/* Begin PBXFileSystemSynchronizedRootGroup section */
		1A943B492E3321FE00E80034 /* MarkdownExportHelper */ = {
			isa = PBXFileSystemSynchronizedRootGroup;
			path = MarkdownExportHelper;
			sourceTree = "<group>";
		};
		1A943B582E33220000E80034 /* MarkdownExportHelperTests */ = {
			isa = PBXFileSystemSynchronizedRootGroup;
			path = MarkdownExportHelperTests;
			sourceTree = "<group>";
		};
		1A943B622E33220000E80034 /* MarkdownExportHelperUITests */ = {
			isa = PBXFileSystemSynchronizedRootGroup;
			path = MarkdownExportHelperUITests;
			sourceTree = "<group>";
		};
		1AE18FEF2E332A640009FE64 /* MarkdownExportHelper */ = {
			isa = PBXFileSystemSynchronizedRootGroup;
			path = MarkdownExportHelper;
			sourceTree = "<group>";
		};
		1AE18FFE2E332A660009FE64 /* MarkdownExportHelperTests */ = {
			isa = PBXFileSystemSynchronizedRootGroup;
			path = MarkdownExportHelperTests;
			sourceTree = "<group>";
		};
		1AE190082E332A660009FE64 /* MarkdownExportHelperUITests */ = {
			isa = PBXFileSystemSynchronizedRootGroup;
			path = MarkdownExportHelperUITests;
			sourceTree = "<group>";
		};
/* End PBXFileSystemSynchronizedRootGroup section */

/* Begin PBXFrameworksBuildPhase section */
		1AE18FEB2E332A640009FE64 /* Frameworks */ = {
			isa = PBXFrameworksBuildPhase;
			buildActionMask = 2147483647;
			files = (
				1AE1901D2E332CAD0009FE64 /* Ink in Frameworks */,
				1AE1901B2E332C9C0009FE64 /* ToastUI in Frameworks */,
				1AE1901F2E332CAD0009FE64 /* ink-cli in Frameworks */,
				1AE190192E332C8D0009FE64 /* MarkdownUI in Frameworks */,
			);
			runOnlyForDeploymentPostprocessing = 0;
		};
		1AE18FF82E332A660009FE64 /* Frameworks */ = {
			isa = PBXFrameworksBuildPhase;
			buildActionMask = 2147483647;
			files = (
			);
			runOnlyForDeploymentPostprocessing = 0;
		};
		1AE190022E332A660009FE64 /* Frameworks */ = {
			isa = PBXFrameworksBuildPhase;
			buildActionMask = 2147483647;
			files = (
			);
			runOnlyForDeploymentPostprocessing = 0;
		};
/* End PBXFrameworksBuildPhase section */

/* Begin PBXGroup section */
		1A943B3E2E3321FE00E80034 = {
			isa = PBXGroup;
			children = (
				1A943B492E3321FE00E80034 /* MarkdownExportHelper */,
				1A943B582E33220000E80034 /* MarkdownExportHelperTests */,
				1A943B622E33220000E80034 /* MarkdownExportHelperUITests */,
				1AE18FEF2E332A640009FE64 /* MarkdownExportHelper */,
				1AE18FFE2E332A660009FE64 /* MarkdownExportHelperTests */,
				1AE190082E332A660009FE64 /* MarkdownExportHelperUITests */,
				1A943B482E3321FE00E80034 /* Products */,
			);
			sourceTree = "<group>";
		};
		1A943B482E3321FE00E80034 /* Products */ = {
			isa = PBXGroup;
			children = (
				1AE18FEE2E332A640009FE64 /* MarkdownExportHelper.app */,
				1AE18FFB2E332A660009FE64 /* MarkdownExportHelperTests.xctest */,
				1AE190052E332A660009FE64 /* MarkdownExportHelperUITests.xctest */,
			);
			name = Products;
			sourceTree = "<group>";
		};
/* End PBXGroup section */

/* Begin PBXNativeTarget section */
		1AE18FED2E332A640009FE64 /* MarkdownExportHelper */ = {
			isa = PBXNativeTarget;
			buildConfigurationList = 1AE1900D2E332A660009FE64 /* Build configuration list for PBXNativeTarget "MarkdownExportHelper" */;
			buildPhases = (
				1AE18FEA2E332A640009FE64 /* Sources */,
				1AE18FEB2E332A640009FE64 /* Frameworks */,
				1AE18FEC2E332A640009FE64 /* Resources */,
			);
			buildRules = (
			);
			dependencies = (
			);
			fileSystemSynchronizedGroups = (
				1AE18FEF2E332A640009FE64 /* MarkdownExportHelper */,
			);
			name = MarkdownExportHelper;
			packageProductDependencies = (
				1AE190182E332C8D0009FE64 /* MarkdownUI */,
				1AE1901A2E332C9C0009FE64 /* ToastUI */,
				1AE1901C2E332CAD0009FE64 /* Ink */,
				1AE1901E2E332CAD0009FE64 /* ink-cli */,
			);
			productName = MarkdownExportHelper;
			productReference = 1AE18FEE2E332A640009FE64 /* MarkdownExportHelper.app */;
			productType = "com.apple.product-type.application";
		};
		1AE18FFA2E332A660009FE64 /* MarkdownExportHelperTests */ = {
			isa = PBXNativeTarget;
			buildConfigurationList = 1AE190102E332A660009FE64 /* Build configuration list for PBXNativeTarget "MarkdownExportHelperTests" */;
			buildPhases = (
				1AE18FF72E332A660009FE64 /* Sources */,
				1AE18FF82E332A660009FE64 /* Frameworks */,
				1AE18FF92E332A660009FE64 /* Resources */,
			);
			buildRules = (
			);
			dependencies = (
				1AE18FFD2E332A660009FE64 /* PBXTargetDependency */,
			);
			fileSystemSynchronizedGroups = (
				1AE18FFE2E332A660009FE64 /* MarkdownExportHelperTests */,
			);
			name = MarkdownExportHelperTests;
			packageProductDependencies = (
			);
			productName = MarkdownExportHelperTests;
			productReference = 1AE18FFB2E332A660009FE64 /* MarkdownExportHelperTests.xctest */;
			productType = "com.apple.product-type.bundle.unit-test";
		};
		1AE190042E332A660009FE64 /* MarkdownExportHelperUITests */ = {
			isa = PBXNativeTarget;
			buildConfigurationList = 1AE190132E332A660009FE64 /* Build configuration list for PBXNativeTarget "MarkdownExportHelperUITests" */;
			buildPhases = (
				1AE190012E332A660009FE64 /* Sources */,
				1AE190022E332A660009FE64 /* Frameworks */,
				1AE190032E332A660009FE64 /* Resources */,
			);
			buildRules = (
			);
			dependencies = (
				1AE190072E332A660009FE64 /* PBXTargetDependency */,
			);
			fileSystemSynchronizedGroups = (
				1AE190082E332A660009FE64 /* MarkdownExportHelperUITests */,
			);
			name = MarkdownExportHelperUITests;
			packageProductDependencies = (
			);
			productName = MarkdownExportHelperUITests;
			productReference = 1AE190052E332A660009FE64 /* MarkdownExportHelperUITests.xctest */;
			productType = "com.apple.product-type.bundle.ui-testing";
		};
/* End PBXNativeTarget section */

/* Begin PBXProject section */
		1A943B3F2E3321FE00E80034 /* Project object */ = {
			isa = PBXProject;
			attributes = {
				BuildIndependentTargetsInParallel = 1;
				LastSwiftUpdateCheck = 1640;
				LastUpgradeCheck = 1640;
				TargetAttributes = {
					1AE18FED2E332A640009FE64 = {
						CreatedOnToolsVersion = 16.4;
					};
					1AE18FFA2E332A660009FE64 = {
						CreatedOnToolsVersion = 16.4;
						TestTargetID = 1AE18FED2E332A640009FE64;
					};
					1AE190042E332A660009FE64 = {
						CreatedOnToolsVersion = 16.4;
						TestTargetID = 1AE18FED2E332A640009FE64;
					};
				};
			};
			buildConfigurationList = 1A943B422E3321FE00E80034 /* Build configuration list for PBXProject "MarkdownExportHelper" */;
			developmentRegion = en;
			hasScannedForEncodings = 0;
			knownRegions = (
				en,
				Base,
			);
			mainGroup = 1A943B3E2E3321FE00E80034;
			minimizedProjectReferenceProxies = 1;
			packageReferences = (
				1A943B812E33252800E80034 /* XCRemoteSwiftPackageReference "swift-algorithms" */,
				1A943B822E33258400E80034 /* XCRemoteSwiftPackageReference "swift-markdown-ui" */,
				1A943B832E33259400E80034 /* XCRemoteSwiftPackageReference "ink" */,
				1AE18FE92E3327AF0009FE64 /* XCRemoteSwiftPackageReference "ToastUI" */,
			);
			preferredProjectObjectVersion = 77;
			productRefGroup = 1A943B482E3321FE00E80034 /* Products */;
			projectDirPath = "";
			projectRoot = "";
			targets = (
				1AE18FED2E332A640009FE64 /* MarkdownExportHelper */,
				1AE18FFA2E332A660009FE64 /* MarkdownExportHelperTests */,
				1AE190042E332A660009FE64 /* MarkdownExportHelperUITests */,
			);
		};
/* End PBXProject section */

/* Begin PBXResourcesBuildPhase section */
		1AE18FEC2E332A640009FE64 /* Resources */ = {
			isa = PBXResourcesBuildPhase;
			buildActionMask = 2147483647;
			files = (
			);
			runOnlyForDeploymentPostprocessing = 0;
		};
		1AE18FF92E332A660009FE64 /* Resources */ = {
			isa = PBXResourcesBuildPhase;
			buildActionMask = 2147483647;
			files = (
			);
			runOnlyForDeploymentPostprocessing = 0;
		};
		1AE190032E332A660009FE64 /* Resources */ = {
			isa = PBXResourcesBuildPhase;
			buildActionMask = 2147483647;
			files = (
			);
			runOnlyForDeploymentPostprocessing = 0;
		};
/* End PBXResourcesBuildPhase section */

/* Begin PBXSourcesBuildPhase section */
		1AE18FEA2E332A640009FE64 /* Sources */ = {
			isa = PBXSourcesBuildPhase;
			buildActionMask = 2147483647;
			files = (
			);
			runOnlyForDeploymentPostprocessing = 0;
		};
		1AE18FF72E332A660009FE64 /* Sources */ = {
			isa = PBXSourcesBuildPhase;
			buildActionMask = 2147483647;
			files = (
			);
			runOnlyForDeploymentPostprocessing = 0;
		};
		1AE190012E332A660009FE64 /* Sources */ = {
			isa = PBXSourcesBuildPhase;
			buildActionMask = 2147483647;
			files = (
			);
			runOnlyForDeploymentPostprocessing = 0;
		};
/* End PBXSourcesBuildPhase section */

/* Begin PBXTargetDependency section */
		1AE18FFD2E332A660009FE64 /* PBXTargetDependency */ = {
			isa = PBXTargetDependency;
			target = 1AE18FED2E332A640009FE64 /* MarkdownExportHelper */;
			targetProxy = 1AE18FFC2E332A660009FE64 /* PBXContainerItemProxy */;
		};
		1AE190072E332A660009FE64 /* PBXTargetDependency */ = {
			isa = PBXTargetDependency;
			target = 1AE18FED2E332A640009FE64 /* MarkdownExportHelper */;
			targetProxy = 1AE190062E332A660009FE64 /* PBXContainerItemProxy */;
		};
/* End PBXTargetDependency section */

/* Begin XCBuildConfiguration section */
		1A943B672E33220000E80034 /* Debug */ = {
			isa = XCBuildConfiguration;
			buildSettings = {
				ALWAYS_SEARCH_USER_PATHS = NO;
				ASSETCATALOG_COMPILER_GENERATE_SWIFT_ASSET_SYMBOL_EXTENSIONS = YES;
				CLANG_ANALYZER_NONNULL = YES;
				CLANG_ANALYZER_NUMBER_OBJECT_CONVERSION = YES_AGGRESSIVE;
				CLANG_CXX_LANGUAGE_STANDARD = "gnu++20";
				CLANG_ENABLE_MODULES = YES;
				CLANG_ENABLE_OBJC_ARC = YES;
				CLANG_ENABLE_OBJC_WEAK = YES;
				CLANG_WARN_BLOCK_CAPTURE_AUTORELEASING = YES;
				CLANG_WARN_BOOL_CONVERSION = YES;
				CLANG_WARN_COMMA = YES;
				CLANG_WARN_CONSTANT_CONVERSION = YES;
				CLANG_WARN_DEPRECATED_OBJC_IMPLEMENTATIONS = YES;
				CLANG_WARN_DIRECT_OBJC_ISA_USAGE = YES_ERROR;
				CLANG_WARN_DOCUMENTATION_COMMENTS = YES;
				CLANG_WARN_EMPTY_BODY = YES;
				CLANG_WARN_ENUM_CONVERSION = YES;
				CLANG_WARN_INFINITE_RECURSION = YES;
				CLANG_WARN_INT_CONVERSION = YES;
				CLANG_WARN_NON_LITERAL_NULL_CONVERSION = YES;
				CLANG_WARN_OBJC_IMPLICIT_RETAIN_SELF = YES;
				CLANG_WARN_OBJC_LITERAL_CONVERSION = YES;
				CLANG_WARN_OBJC_ROOT_CLASS = YES_ERROR;
				CLANG_WARN_QUOTED_INCLUDE_IN_FRAMEWORK_HEADER = YES;
				CLANG_WARN_RANGE_LOOP_ANALYSIS = YES;
				CLANG_WARN_STRICT_PROTOTYPES = YES;
				CLANG_WARN_SUSPICIOUS_MOVE = YES;
				CLANG_WARN_UNGUARDED_AVAILABILITY = YES_AGGRESSIVE;
				CLANG_WARN_UNREACHABLE_CODE = YES;
				CLANG_WARN__DUPLICATE_METHOD_MATCH = YES;
				COPY_PHASE_STRIP = NO;
				DEBUG_INFORMATION_FORMAT = dwarf;
				DEVELOPMENT_TEAM = D656GS6DUT;
				ENABLE_STRICT_OBJC_MSGSEND = YES;
				ENABLE_TESTABILITY = YES;
				ENABLE_USER_SCRIPT_SANDBOXING = YES;
				GCC_C_LANGUAGE_STANDARD = gnu17;
				GCC_DYNAMIC_NO_PIC = NO;
				GCC_NO_COMMON_BLOCKS = YES;
				GCC_OPTIMIZATION_LEVEL = 0;
				GCC_PREPROCESSOR_DEFINITIONS = (
					"DEBUG=1",
					"$(inherited)",
				);
				GCC_WARN_64_TO_32_BIT_CONVERSION = YES;
				GCC_WARN_ABOUT_RETURN_TYPE = YES_ERROR;
				GCC_WARN_UNDECLARED_SELECTOR = YES;
				GCC_WARN_UNINITIALIZED_AUTOS = YES_AGGRESSIVE;
				GCC_WARN_UNUSED_FUNCTION = YES;
				GCC_WARN_UNUSED_VARIABLE = YES;
				GENERATE_INFOPLIST_FILE = YES;
				LOCALIZATION_PREFERS_STRING_CATALOGS = YES;
				MTL_ENABLE_DEBUG_INFO = INCLUDE_SOURCE;
				MTL_FAST_MATH = YES;
				ONLY_ACTIVE_ARCH = YES;
				SWIFT_ACTIVE_COMPILATION_CONDITIONS = "DEBUG $(inherited)";
				SWIFT_OPTIMIZATION_LEVEL = "-Onone";
			};
			name = Debug;
		};
		1A943B682E33220000E80034 /* Release */ = {
			isa = XCBuildConfiguration;
			buildSettings = {
				ALWAYS_SEARCH_USER_PATHS = NO;
				ASSETCATALOG_COMPILER_GENERATE_SWIFT_ASSET_SYMBOL_EXTENSIONS = YES;
				CLANG_ANALYZER_NONNULL = YES;
				CLANG_ANALYZER_NUMBER_OBJECT_CONVERSION = YES_AGGRESSIVE;
				CLANG_CXX_LANGUAGE_STANDARD = "gnu++20";
				CLANG_ENABLE_MODULES = YES;
				CLANG_ENABLE_OBJC_ARC = YES;
				CLANG_ENABLE_OBJC_WEAK = YES;
				CLANG_WARN_BLOCK_CAPTURE_AUTORELEASING = YES;
				CLANG_WARN_BOOL_CONVERSION = YES;
				CLANG_WARN_COMMA = YES;
				CLANG_WARN_CONSTANT_CONVERSION = YES;
				CLANG_WARN_DEPRECATED_OBJC_IMPLEMENTATIONS = YES;
				CLANG_WARN_DIRECT_OBJC_ISA_USAGE = YES_ERROR;
				CLANG_WARN_DOCUMENTATION_COMMENTS = YES;
				CLANG_WARN_EMPTY_BODY = YES;
				CLANG_WARN_ENUM_CONVERSION = YES;
				CLANG_WARN_INFINITE_RECURSION = YES;
				CLANG_WARN_INT_CONVERSION = YES;
				CLANG_WARN_NON_LITERAL_NULL_CONVERSION = YES;
				CLANG_WARN_OBJC_IMPLICIT_RETAIN_SELF = YES;
				CLANG_WARN_OBJC_LITERAL_CONVERSION = YES;
				CLANG_WARN_OBJC_ROOT_CLASS = YES_ERROR;
				CLANG_WARN_QUOTED_INCLUDE_IN_FRAMEWORK_HEADER = YES;
				CLANG_WARN_RANGE_LOOP_ANALYSIS = YES;
				CLANG_WARN_STRICT_PROTOTYPES = YES;
				CLANG_WARN_SUSPICIOUS_MOVE = YES;
				CLANG_WARN_UNGUARDED_AVAILABILITY = YES_AGGRESSIVE;
				CLANG_WARN_UNREACHABLE_CODE = YES;
				CLANG_WARN__DUPLICATE_METHOD_MATCH = YES;
				COPY_PHASE_STRIP = NO;
				DEBUG_INFORMATION_FORMAT = "dwarf-with-dsym";
				DEVELOPMENT_TEAM = D656GS6DUT;
				ENABLE_NS_ASSERTIONS = NO;
				ENABLE_STRICT_OBJC_MSGSEND = YES;
				ENABLE_USER_SCRIPT_SANDBOXING = YES;
				GCC_C_LANGUAGE_STANDARD = gnu17;
				GCC_NO_COMMON_BLOCKS = YES;
				GCC_WARN_64_TO_32_BIT_CONVERSION = YES;
				GCC_WARN_ABOUT_RETURN_TYPE = YES_ERROR;
				GCC_WARN_UNDECLARED_SELECTOR = YES;
				GCC_WARN_UNINITIALIZED_AUTOS = YES_AGGRESSIVE;
				GCC_WARN_UNUSED_FUNCTION = YES;
				GCC_WARN_UNUSED_VARIABLE = YES;
				GENERATE_INFOPLIST_FILE = YES;
				LOCALIZATION_PREFERS_STRING_CATALOGS = YES;
				MTL_ENABLE_DEBUG_INFO = NO;
				MTL_FAST_MATH = YES;
				SWIFT_COMPILATION_MODE = wholemodule;
			};
			name = Release;
		};
		1AE1900E2E332A660009FE64 /* Debug */ = {
			isa = XCBuildConfiguration;
			buildSettings = {
				ASSETCATALOG_COMPILER_APPICON_NAME = AppIcon;
				ASSETCATALOG_COMPILER_GLOBAL_ACCENT_COLOR_NAME = AccentColor;
				CODE_SIGN_ENTITLEMENTS = MarkdownExportHelper/MarkdownExportHelper.entitlements;
				CODE_SIGN_STYLE = Automatic;
				CURRENT_PROJECT_VERSION = 1;
				DEVELOPMENT_TEAM = D656GS6DUT;
				ENABLE_HARDENED_RUNTIME = YES;
				ENABLE_PREVIEWS = YES;
				GENERATE_INFOPLIST_FILE = YES;
				INFOPLIST_FILE = MarkdownExportHelper/Info.plist;
				INFOPLIST_KEY_CFBundleDisplayName = MarkDownExportHelper;
				INFOPLIST_KEY_LSApplicationCategoryType = "public.app-category.developer-tools";
				"INFOPLIST_KEY_UIApplicationSceneManifest_Generation[sdk=iphoneos*]" = YES;
				"INFOPLIST_KEY_UIApplicationSceneManifest_Generation[sdk=iphonesimulator*]" = YES;
				"INFOPLIST_KEY_UIApplicationSupportsIndirectInputEvents[sdk=iphoneos*]" = YES;
				"INFOPLIST_KEY_UIApplicationSupportsIndirectInputEvents[sdk=iphonesimulator*]" = YES;
				"INFOPLIST_KEY_UILaunchScreen_Generation[sdk=iphoneos*]" = YES;
				"INFOPLIST_KEY_UILaunchScreen_Generation[sdk=iphonesimulator*]" = YES;
				"INFOPLIST_KEY_UIStatusBarStyle[sdk=iphoneos*]" = UIStatusBarStyleDefault;
				"INFOPLIST_KEY_UIStatusBarStyle[sdk=iphonesimulator*]" = UIStatusBarStyleDefault;
				INFOPLIST_KEY_UISupportedInterfaceOrientations_iPad = "UIInterfaceOrientationPortrait UIInterfaceOrientationPortraitUpsideDown UIInterfaceOrientationLandscapeLeft UIInterfaceOrientationLandscapeRight";
				INFOPLIST_KEY_UISupportedInterfaceOrientations_iPhone = "UIInterfaceOrientationPortrait UIInterfaceOrientationLandscapeLeft UIInterfaceOrientationLandscapeRight";
				IPHONEOS_DEPLOYMENT_TARGET = 18.5;
				LD_RUNPATH_SEARCH_PATHS = "@executable_path/Frameworks";
				"LD_RUNPATH_SEARCH_PATHS[sdk=macosx*]" = "@executable_path/../Frameworks";
				MACOSX_DEPLOYMENT_TARGET = 15.5;
				MARKETING_VERSION = 1.0;
				PRODUCT_BUNDLE_IDENTIFIER = com.gigass.MarkdownExportHelper;
				PRODUCT_NAME = "$(TARGET_NAME)";
				REGISTER_APP_GROUPS = YES;
				SDKROOT = auto;
				SUPPORTED_PLATFORMS = "iphoneos iphonesimulator";
				SUPPORTS_MACCATALYST = NO;
				SWIFT_EMIT_LOC_STRINGS = YES;
				SWIFT_VERSION = 5.0;
				TARGETED_DEVICE_FAMILY = 1;
				XROS_DEPLOYMENT_TARGET = 2.5;
			};
			name = Debug;
		};
		1AE1900F2E332A660009FE64 /* Release */ = {
			isa = XCBuildConfiguration;
			buildSettings = {
				ASSETCATALOG_COMPILER_APPICON_NAME = AppIcon;
				ASSETCATALOG_COMPILER_GLOBAL_ACCENT_COLOR_NAME = AccentColor;
				CODE_SIGN_ENTITLEMENTS = MarkdownExportHelper/MarkdownExportHelper.entitlements;
				CODE_SIGN_STYLE = Automatic;
				CURRENT_PROJECT_VERSION = 1;
				DEVELOPMENT_TEAM = D656GS6DUT;
				ENABLE_HARDENED_RUNTIME = YES;
				ENABLE_PREVIEWS = YES;
				GENERATE_INFOPLIST_FILE = YES;
				INFOPLIST_FILE = MarkdownExportHelper/Info.plist;
				INFOPLIST_KEY_CFBundleDisplayName = MarkDownExportHelper;
				INFOPLIST_KEY_LSApplicationCategoryType = "public.app-category.developer-tools";
				"INFOPLIST_KEY_UIApplicationSceneManifest_Generation[sdk=iphoneos*]" = YES;
				"INFOPLIST_KEY_UIApplicationSceneManifest_Generation[sdk=iphonesimulator*]" = YES;
				"INFOPLIST_KEY_UIApplicationSupportsIndirectInputEvents[sdk=iphoneos*]" = YES;
				"INFOPLIST_KEY_UIApplicationSupportsIndirectInputEvents[sdk=iphonesimulator*]" = YES;
				"INFOPLIST_KEY_UILaunchScreen_Generation[sdk=iphoneos*]" = YES;
				"INFOPLIST_KEY_UILaunchScreen_Generation[sdk=iphonesimulator*]" = YES;
				"INFOPLIST_KEY_UIStatusBarStyle[sdk=iphoneos*]" = UIStatusBarStyleDefault;
				"INFOPLIST_KEY_UIStatusBarStyle[sdk=iphonesimulator*]" = UIStatusBarStyleDefault;
				INFOPLIST_KEY_UISupportedInterfaceOrientations_iPad = "UIInterfaceOrientationPortrait UIInterfaceOrientationPortraitUpsideDown UIInterfaceOrientationLandscapeLeft UIInterfaceOrientationLandscapeRight";
				INFOPLIST_KEY_UISupportedInterfaceOrientations_iPhone = "UIInterfaceOrientationPortrait UIInterfaceOrientationLandscapeLeft UIInterfaceOrientationLandscapeRight";
				IPHONEOS_DEPLOYMENT_TARGET = 18.5;
				LD_RUNPATH_SEARCH_PATHS = "@executable_path/Frameworks";
				"LD_RUNPATH_SEARCH_PATHS[sdk=macosx*]" = "@executable_path/../Frameworks";
				MACOSX_DEPLOYMENT_TARGET = 15.5;
				MARKETING_VERSION = 1.0;
				PRODUCT_BUNDLE_IDENTIFIER = com.gigass.MarkdownExportHelper;
				PRODUCT_NAME = "$(TARGET_NAME)";
				REGISTER_APP_GROUPS = YES;
				SDKROOT = auto;
				SUPPORTED_PLATFORMS = "iphoneos iphonesimulator";
				SUPPORTS_MACCATALYST = NO;
				SWIFT_EMIT_LOC_STRINGS = YES;
				SWIFT_VERSION = 5.0;
				TARGETED_DEVICE_FAMILY = 1;
				XROS_DEPLOYMENT_TARGET = 2.5;
			};
			name = Release;
		};
		1AE190112E332A660009FE64 /* Debug */ = {
			isa = XCBuildConfiguration;
			buildSettings = {
				BUNDLE_LOADER = "$(TEST_HOST)";
				CODE_SIGN_STYLE = Automatic;
				CURRENT_PROJECT_VERSION = 1;
				DEVELOPMENT_TEAM = D656GS6DUT;
				GENERATE_INFOPLIST_FILE = YES;
				IPHONEOS_DEPLOYMENT_TARGET = 18.5;
				MACOSX_DEPLOYMENT_TARGET = 15.5;
				MARKETING_VERSION = 1.0;
				PRODUCT_BUNDLE_IDENTIFIER = com.gigass.MarkdownExportHelperTests;
				PRODUCT_NAME = "$(TARGET_NAME)";
				SDKROOT = auto;
				SUPPORTED_PLATFORMS = "iphoneos iphonesimulator macosx xros xrsimulator";
				SWIFT_EMIT_LOC_STRINGS = NO;
				SWIFT_VERSION = 5.0;
				TARGETED_DEVICE_FAMILY = "1,2,7";
				TEST_HOST = "$(BUILT_PRODUCTS_DIR)/MarkdownExportHelper.app/$(BUNDLE_EXECUTABLE_FOLDER_PATH)/MarkdownExportHelper";
				XROS_DEPLOYMENT_TARGET = 2.5;
			};
			name = Debug;
		};
		1AE190122E332A660009FE64 /* Release */ = {
			isa = XCBuildConfiguration;
			buildSettings = {
				BUNDLE_LOADER = "$(TEST_HOST)";
				CODE_SIGN_STYLE = Automatic;
				CURRENT_PROJECT_VERSION = 1;
				DEVELOPMENT_TEAM = D656GS6DUT;
				GENERATE_INFOPLIST_FILE = YES;
				IPHONEOS_DEPLOYMENT_TARGET = 18.5;
				MACOSX_DEPLOYMENT_TARGET = 15.5;
				MARKETING_VERSION = 1.0;
				PRODUCT_BUNDLE_IDENTIFIER = com.gigass.MarkdownExportHelperTests;
				PRODUCT_NAME = "$(TARGET_NAME)";
				SDKROOT = auto;
				SUPPORTED_PLATFORMS = "iphoneos iphonesimulator macosx xros xrsimulator";
				SWIFT_EMIT_LOC_STRINGS = NO;
				SWIFT_VERSION = 5.0;
				TARGETED_DEVICE_FAMILY = "1,2,7";
				TEST_HOST = "$(BUILT_PRODUCTS_DIR)/MarkdownExportHelper.app/$(BUNDLE_EXECUTABLE_FOLDER_PATH)/MarkdownExportHelper";
				XROS_DEPLOYMENT_TARGET = 2.5;
			};
			name = Release;
		};
		1AE190142E332A660009FE64 /* Debug */ = {
			isa = XCBuildConfiguration;
			buildSettings = {
				CODE_SIGN_STYLE = Automatic;
				CURRENT_PROJECT_VERSION = 1;
				DEVELOPMENT_TEAM = D656GS6DUT;
				GENERATE_INFOPLIST_FILE = YES;
				IPHONEOS_DEPLOYMENT_TARGET = 18.5;
				MACOSX_DEPLOYMENT_TARGET = 15.5;
				MARKETING_VERSION = 1.0;
				PRODUCT_BUNDLE_IDENTIFIER = com.gigass.MarkdownExportHelperUITests;
				PRODUCT_NAME = "$(TARGET_NAME)";
				SDKROOT = auto;
				SUPPORTED_PLATFORMS = "iphoneos iphonesimulator macosx xros xrsimulator";
				SWIFT_EMIT_LOC_STRINGS = NO;
				SWIFT_VERSION = 5.0;
				TARGETED_DEVICE_FAMILY = "1,2,7";
				TEST_TARGET_NAME = MarkdownExportHelper;
				XROS_DEPLOYMENT_TARGET = 2.5;
			};
			name = Debug;
		};
		1AE190152E332A660009FE64 /* Release */ = {
			isa = XCBuildConfiguration;
			buildSettings = {
				CODE_SIGN_STYLE = Automatic;
				CURRENT_PROJECT_VERSION = 1;
				DEVELOPMENT_TEAM = D656GS6DUT;
				GENERATE_INFOPLIST_FILE = YES;
				IPHONEOS_DEPLOYMENT_TARGET = 18.5;
				MACOSX_DEPLOYMENT_TARGET = 15.5;
				MARKETING_VERSION = 1.0;
				PRODUCT_BUNDLE_IDENTIFIER = com.gigass.MarkdownExportHelperUITests;
				PRODUCT_NAME = "$(TARGET_NAME)";
				SDKROOT = auto;
				SUPPORTED_PLATFORMS = "iphoneos iphonesimulator macosx xros xrsimulator";
				SWIFT_EMIT_LOC_STRINGS = NO;
				SWIFT_VERSION = 5.0;
				TARGETED_DEVICE_FAMILY = "1,2,7";
				TEST_TARGET_NAME = MarkdownExportHelper;
				XROS_DEPLOYMENT_TARGET = 2.5;
			};
			name = Release;
		};
/* End XCBuildConfiguration section */

/* Begin XCConfigurationList section */
		1A943B422E3321FE00E80034 /* Build configuration list for PBXProject "MarkdownExportHelper" */ = {
			isa = XCConfigurationList;
			buildConfigurations = (
				1A943B672E33220000E80034 /* Debug */,
				1A943B682E33220000E80034 /* Release */,
			);
			defaultConfigurationIsVisible = 0;
			defaultConfigurationName = Release;
		};
		1AE1900D2E332A660009FE64 /* Build configuration list for PBXNativeTarget "MarkdownExportHelper" */ = {
			isa = XCConfigurationList;
			buildConfigurations = (
				1AE1900E2E332A660009FE64 /* Debug */,
				1AE1900F2E332A660009FE64 /* Release */,
			);
			defaultConfigurationIsVisible = 0;
			defaultConfigurationName = Release;
		};
		1AE190102E332A660009FE64 /* Build configuration list for PBXNativeTarget "MarkdownExportHelperTests" */ = {
			isa = XCConfigurationList;
			buildConfigurations = (
				1AE190112E332A660009FE64 /* Debug */,
				1AE190122E332A660009FE64 /* Release */,
			);
			defaultConfigurationIsVisible = 0;
			defaultConfigurationName = Release;
		};
		1AE190132E332A660009FE64 /* Build configuration list for PBXNativeTarget "MarkdownExportHelperUITests" */ = {
			isa = XCConfigurationList;
			buildConfigurations = (
				1AE190142E332A660009FE64 /* Debug */,
				1AE190152E332A660009FE64 /* Release */,
			);
			defaultConfigurationIsVisible = 0;
			defaultConfigurationName = Release;
		};
/* End XCConfigurationList section */

/* Begin XCRemoteSwiftPackageReference section */
		1A943B812E33252800E80034 /* XCRemoteSwiftPackageReference "swift-algorithms" */ = {
			isa = XCRemoteSwiftPackageReference;
			repositoryURL = "https://github.com/apple/swift-algorithms.git";
			requirement = {
				kind = upToNextMajorVersion;
				minimumVersion = 1.2.1;
			};
		};
		1A943B822E33258400E80034 /* XCRemoteSwiftPackageReference "swift-markdown-ui" */ = {
			isa = XCRemoteSwiftPackageReference;
			repositoryURL = "https://github.com/gonzalezreal/swift-markdown-ui.git";
			requirement = {
				kind = upToNextMajorVersion;
				minimumVersion = 2.4.1;
			};
		};
		1A943B832E33259400E80034 /* XCRemoteSwiftPackageReference "ink" */ = {
			isa = XCRemoteSwiftPackageReference;
			repositoryURL = "https://github.com/johnsundell/ink.git";
			requirement = {
				kind = upToNextMajorVersion;
				minimumVersion = 0.6.0;
			};
		};
		1AE18FE92E3327AF0009FE64 /* XCRemoteSwiftPackageReference "ToastUI" */ = {
			isa = XCRemoteSwiftPackageReference;
			repositoryURL = "https://github.com/quanshousio/ToastUI.git";
			requirement = {
				kind = upToNextMajorVersion;
				minimumVersion = 4.0.0;
			};
		};
/* End XCRemoteSwiftPackageReference section */

/* Begin XCSwiftPackageProductDependency section */
		1AE190182E332C8D0009FE64 /* MarkdownUI */ = {
			isa = XCSwiftPackageProductDependency;
			package = 1A943B822E33258400E80034 /* XCRemoteSwiftPackageReference "swift-markdown-ui" */;
			productName = MarkdownUI;
		};
		1AE1901A2E332C9C0009FE64 /* ToastUI */ = {
			isa = XCSwiftPackageProductDependency;
			package = 1AE18FE92E3327AF0009FE64 /* XCRemoteSwiftPackageReference "ToastUI" */;
			productName = ToastUI;
		};
		1AE1901C2E332CAD0009FE64 /* Ink */ = {
			isa = XCSwiftPackageProductDependency;
			package = 1A943B832E33259400E80034 /* XCRemoteSwiftPackageReference "ink" */;
			productName = Ink;
		};
		1AE1901E2E332CAD0009FE64 /* ink-cli */ = {
			isa = XCSwiftPackageProductDependency;
			package = 1A943B832E33259400E80034 /* XCRemoteSwiftPackageReference "ink" */;
			productName = "ink-cli";
		};
/* End XCSwiftPackageProductDependency section */
	};
	rootObject = 1A943B3F2E3321FE00E80034 /* Project object */;
}
