// !$*UTF8*$!
{
	archiveVersion = 1;
	classes = {
	};
	objectVersion = 77;
	objects = {

/* Begin PBXContainerItemProxy section */
		1AC768802E3338D2003E1173 /* PBXContainerItemProxy */ = {
			isa = PBXContainerItemProxy;
			containerPortal = 1A943B3F2E3321FE00E80034 /* Project object */;
			proxyType = 1;
			remoteGlobalIDString = 1AC768722E3338D0003E1173;
			remoteInfo = MarkdownExportHelper;
		};
		1AC7688A2E3338D2003E1173 /* PBXContainerItemProxy */ = {
			isa = PBXContainerItemProxy;
			containerPortal = 1A943B3F2E3321FE00E80034 /* Project object */;
			proxyType = 1;
			remoteGlobalIDString = 1AC768722E3338D0003E1173;
			remoteInfo = MarkdownExportHelper;
		};
/* End PBXContainerItemProxy section */

/* Begin PBXFileReference section */
		1AC768732E3338D0003E1173 /* MarkdownExportHelper.app */ = {isa = PBXFileReference; explicitFileType = wrapper.application; includeInIndex = 0; path = MarkdownExportHelper.app; sourceTree = BUILT_PRODUCTS_DIR; };
		1AC7687F2E3338D2003E1173 /* MarkdownExportHelperTests.xctest */ = {isa = PBXFileReference; explicitFileType = wrapper.cfbundle; includeInIndex = 0; path = MarkdownExportHelperTests.xctest; sourceTree = BUILT_PRODUCTS_DIR; };
		1AC768892E3338D2003E1173 /* MarkdownExportHelperUITests.xctest */ = {isa = PBXFileReference; explicitFileType = wrapper.cfbundle; includeInIndex = 0; path = MarkdownExportHelperUITests.xctest; sourceTree = BUILT_PRODUCTS_DIR; };
/* End PBXFileReference section */

/* Begin PBXFileSystemSynchronizedBuildFileExceptionSet section */
		1AD6E1B32E405E7F0065472B /* Exceptions for "MarkdownExportHelper" folder in "MarkdownExportHelper" target */ = {
			isa = PBXFileSystemSynchronizedBuildFileExceptionSet;
			membershipExceptions = (
				Assets.xcassets,
				ContentView.swift,
				FormattedText.swift,
				HistoryView.swift,
				ImageSaver.swift,
				MarkdownExportHelperApp.swift,
				MarkdownViewModel.swift,
				ToastView.swift,
				"View+Extensions.swift",
			);
			target = 1AC768722E3338D0003E1173 /* MarkdownExportHelper */;
		};
		1AD6E1F82E4085850065472B /* Exceptions for "MarkdownExportHelper" folder in "MarkdownExportHelperTests" target */ = {
			isa = PBXFileSystemSynchronizedBuildFileExceptionSet;
			membershipExceptions = (
				Assets.xcassets,
			);
			target = 1AC7687E2E3338D2003E1173 /* MarkdownExportHelperTests */;
		};
		1AD6E1F92E4085850065472B /* Exceptions for "MarkdownExportHelper" folder in "MarkdownExportHelperUITests" target */ = {
			isa = PBXFileSystemSynchronizedBuildFileExceptionSet;
			membershipExceptions = (
				Assets.xcassets,
			);
			target = 1AC768882E3338D2003E1173 /* MarkdownExportHelperUITests */;
		};
/* End PBXFileSystemSynchronizedBuildFileExceptionSet section */

/* Begin PBXFileSystemSynchronizedRootGroup section */
		1A943B492E3321FE00E80034 /* MarkdownExportHelper */ = {
			isa = PBXFileSystemSynchronizedRootGroup;
			exceptions = (
				1AD6E1B32E405E7F0065472B /* Exceptions for "MarkdownExportHelper" folder in "MarkdownExportHelper" target */,
				1AD6E1F82E4085850065472B /* Exceptions for "MarkdownExportHelper" folder in "MarkdownExportHelperTests" target */,
				1AD6E1F92E4085850065472B /* Exceptions for "MarkdownExportHelper" folder in "MarkdownExportHelperUITests" target */,
			);
			path = MarkdownExportHelper;
			sourceTree = "<group>";
		};
		1A943B582E33220000E80034 /* MarkdownExportHelperTests */ = {
			isa = PBXFileSystemSynchronizedRootGroup;
			path = MarkdownExportHelperTests;
			sourceTree = "<group>";
		};
		1A943B622E33220000E80034 /* MarkdownExportHelperUITests */ = {
			isa = PBXFileSystemSynchronizedRootGroup;
			path = MarkdownExportHelperUITests;
			sourceTree = "<group>";
		};
/* End PBXFileSystemSynchronizedRootGroup section */

/* Begin PBXFrameworksBuildPhase section */
		1AC768702E3338D0003E1173 /* Frameworks */ = {
			isa = PBXFrameworksBuildPhase;
			buildActionMask = 2147483647;
			files = (
			);
			runOnlyForDeploymentPostprocessing = 0;
		};
		1AC7687C2E3338D2003E1173 /* Frameworks */ = {
			isa = PBXFrameworksBuildPhase;
			buildActionMask = 2147483647;
			files = (
			);
			runOnlyForDeploymentPostprocessing = 0;
		};
		1AC768862E3338D2003E1173 /* Frameworks */ = {
			isa = PBXFrameworksBuildPhase;
			buildActionMask = 2147483647;
			files = (
			);
			runOnlyForDeploymentPostprocessing = 0;
		};
/* End PBXFrameworksBuildPhase section */

/* Begin PBXGroup section */
		1A943B3E2E3321FE00E80034 = {
			isa = PBXGroup;
			children = (
				1A943B492E3321FE00E80034 /* MarkdownExportHelper */,
				1A943B582E33220000E80034 /* MarkdownExportHelperTests */,
				1A943B622E33220000E80034 /* MarkdownExportHelperUITests */,
				1A943B482E3321FE00E80034 /* Products */,
			);
			sourceTree = "<group>";
		};
		1A943B482E3321FE00E80034 /* Products */ = {
			isa = PBXGroup;
			children = (
				1AC768732E3338D0003E1173 /* MarkdownExportHelper.app */,
				1AC7687F2E3338D2003E1173 /* MarkdownExportHelperTests.xctest */,
				1AC768892E3338D2003E1173 /* MarkdownExportHelperUITests.xctest */,
			);
			name = Products;
			sourceTree = "<group>";
		};
/* End PBXGroup section */

/* Begin PBXNativeTarget section */
		1AC768722E3338D0003E1173 /* MarkdownExportHelper */ = {
			isa = PBXNativeTarget;
			buildConfigurationList = 1AC768912E3338D2003E1173 /* Build configuration list for PBXNativeTarget "MarkdownExportHelper" */;
			buildPhases = (
				1AC7686F2E3338D0003E1173 /* Sources */,
				1AC768702E3338D0003E1173 /* Frameworks */,
				1AC768712E3338D0003E1173 /* Resources */,
			);
			buildRules = (
			);
			dependencies = (
			);
			name = MarkdownExportHelper;
			packageProductDependencies = (
			);
			productName = MarkdownExportHelper;
			productReference = 1AC768732E3338D0003E1173 /* MarkdownExportHelper.app */;
			productType = "com.apple.product-type.application";
		};
		1AC7687E2E3338D2003E1173 /* MarkdownExportHelperTests */ = {
			isa = PBXNativeTarget;
			buildConfigurationList = 1AC768942E3338D2003E1173 /* Build configuration list for PBXNativeTarget "MarkdownExportHelperTests" */;
			buildPhases = (
				1AC7687B2E3338D2003E1173 /* Sources */,
				1AC7687C2E3338D2003E1173 /* Frameworks */,
				1AC7687D2E3338D2003E1173 /* Resources */,
			);
			buildRules = (
			);
			dependencies = (
				1AC768812E3338D2003E1173 /* PBXTargetDependency */,
			);
			name = MarkdownExportHelperTests;
			packageProductDependencies = (
			);
			productName = MarkdownExportHelperTests;
			productReference = 1AC7687F2E3338D2003E1173 /* MarkdownExportHelperTests.xctest */;
			productType = "com.apple.product-type.bundle.unit-test";
		};
		1AC768882E3338D2003E1173 /* MarkdownExportHelperUITests */ = {
			isa = PBXNativeTarget;
			buildConfigurationList = 1AC768972E3338D2003E1173 /* Build configuration list for PBXNativeTarget "MarkdownExportHelperUITests" */;
			buildPhases = (
				1AC768852E3338D2003E1173 /* Sources */,
				1AC768862E3338D2003E1173 /* Frameworks */,
				1AC768872E3338D2003E1173 /* Resources */,
			);
			buildRules = (
			);
			dependencies = (
				1AC7688B2E3338D2003E1173 /* PBXTargetDependency */,
			);
			name = MarkdownExportHelperUITests;
			packageProductDependencies = (
			);
			productName = MarkdownExportHelperUITests;
			productReference = 1AC768892E3338D2003E1173 /* MarkdownExportHelperUITests.xctest */;
			productType = "com.apple.product-type.bundle.ui-testing";
		};
/* End PBXNativeTarget section */

/* Begin PBXProject section */
		1A943B3F2E3321FE00E80034 /* Project object */ = {
			isa = PBXProject;
			attributes = {
				BuildIndependentTargetsInParallel = 1;
				LastSwiftUpdateCheck = 1640;
				LastUpgradeCheck = 1640;
				TargetAttributes = {
					1AC768722E3338D0003E1173 = {
						CreatedOnToolsVersion = 16.4;
					};
					1AC7687E2E3338D2003E1173 = {
						CreatedOnToolsVersion = 16.4;
						TestTargetID = 1AC768722E3338D0003E1173;
					};
					1AC768882E3338D2003E1173 = {
						CreatedOnToolsVersion = 16.4;
						TestTargetID = 1AC768722E3338D0003E1173;
					};
				};
			};
			buildConfigurationList = 1A943B422E3321FE00E80034 /* Build configuration list for PBXProject "MarkdownExportHelper" */;
			developmentRegion = en;
			hasScannedForEncodings = 0;
			knownRegions = (
				en,
				Base,
			);
			mainGroup = 1A943B3E2E3321FE00E80034;
			minimizedProjectReferenceProxies = 1;
			packageReferences = (
				1A943B812E33252800E80034 /* XCRemoteSwiftPackageReference "swift-algorithms" */,
				1A943B822E33258400E80034 /* XCRemoteSwiftPackageReference "swift-markdown-ui" */,
				1A943B832E33259400E80034 /* XCRemoteSwiftPackageReference "ink" */,
				1AE18FE92E3327AF0009FE64 /* XCRemoteSwiftPackageReference "ToastUI" */,
			);
			preferredProjectObjectVersion = 77;
			productRefGroup = 1A943B482E3321FE00E80034 /* Products */;
			projectDirPath = "";
			projectRoot = "";
			targets = (
				1AC768722E3338D0003E1173 /* MarkdownExportHelper */,
				1AC7687E2E3338D2003E1173 /* MarkdownExportHelperTests */,
				1AC768882E3338D2003E1173 /* MarkdownExportHelperUITests */,
			);
		};
/* End PBXProject section */

/* Begin PBXResourcesBuildPhase section */
		1AC768712E3338D0003E1173 /* Resources */ = {
			isa = PBXResourcesBuildPhase;
			buildActionMask = 2147483647;
			files = (
			);
			runOnlyForDeploymentPostprocessing = 0;
		};
		1AC7687D2E3338D2003E1173 /* Resources */ = {
			isa = PBXResourcesBuildPhase;
			buildActionMask = 2147483647;
			files = (
			);
			runOnlyForDeploymentPostprocessing = 0;
		};
		1AC768872E3338D2003E1173 /* Resources */ = {
			isa = PBXResourcesBuildPhase;
			buildActionMask = 2147483647;
			files = (
			);
			runOnlyForDeploymentPostprocessing = 0;
		};
/* End PBXResourcesBuildPhase section */

/* Begin PBXSourcesBuildPhase section */
		1AC7686F2E3338D0003E1173 /* Sources */ = {
			isa = PBXSourcesBuildPhase;
			buildActionMask = 2147483647;
			files = (
			);
			runOnlyForDeploymentPostprocessing = 0;
		};
		1AC7687B2E3338D2003E1173 /* Sources */ = {
			isa = PBXSourcesBuildPhase;
			buildActionMask = 2147483647;
			files = (
			);
			runOnlyForDeploymentPostprocessing = 0;
		};
		1AC768852E3338D2003E1173 /* Sources */ = {
			isa = PBXSourcesBuildPhase;
			buildActionMask = 2147483647;
			files = (
			);
			runOnlyForDeploymentPostprocessing = 0;
		};
/* End PBXSourcesBuildPhase section */

/* Begin PBXTargetDependency section */
		1AC768812E3338D2003E1173 /* PBXTargetDependency */ = {
			isa = PBXTargetDependency;
			target = 1AC768722E3338D0003E1173 /* MarkdownExportHelper */;
			targetProxy = 1AC768802E3338D2003E1173 /* PBXContainerItemProxy */;
		};
		1AC7688B2E3338D2003E1173 /* PBXTargetDependency */ = {
			isa = PBXTargetDependency;
			target = 1AC768722E3338D0003E1173 /* MarkdownExportHelper */;
			targetProxy = 1AC7688A2E3338D2003E1173 /* PBXContainerItemProxy */;
		};
/* End PBXTargetDependency section */

/* Begin XCBuildConfiguration section */
		1A943B672E33220000E80034 /* Debug */ = {
			isa = XCBuildConfiguration;
			buildSettings = {
				ALWAYS_SEARCH_USER_PATHS = NO;
				ASSETCATALOG_COMPILER_GENERATE_SWIFT_ASSET_SYMBOL_EXTENSIONS = YES;
				CLANG_ANALYZER_NONNULL = YES;
				CLANG_ANALYZER_NUMBER_OBJECT_CONVERSION = YES_AGGRESSIVE;
				CLANG_CXX_LANGUAGE_STANDARD = "gnu++20";
				CLANG_ENABLE_MODULES = YES;
				CLANG_ENABLE_OBJC_ARC = YES;
				CLANG_ENABLE_OBJC_WEAK = YES;
				CLANG_WARN_BLOCK_CAPTURE_AUTORELEASING = YES;
				CLANG_WARN_BOOL_CONVERSION = YES;
				CLANG_WARN_COMMA = YES;
				CLANG_WARN_CONSTANT_CONVERSION = YES;
				CLANG_WARN_DEPRECATED_OBJC_IMPLEMENTATIONS = YES;
				CLANG_WARN_DIRECT_OBJC_ISA_USAGE = YES_ERROR;
				CLANG_WARN_DOCUMENTATION_COMMENTS = YES;
				CLANG_WARN_EMPTY_BODY = YES;
				CLANG_WARN_ENUM_CONVERSION = YES;
				CLANG_WARN_INFINITE_RECURSION = YES;
				CLANG_WARN_INT_CONVERSION = YES;
				CLANG_WARN_NON_LITERAL_NULL_CONVERSION = YES;
				CLANG_WARN_OBJC_IMPLICIT_RETAIN_SELF = YES;
				CLANG_WARN_OBJC_LITERAL_CONVERSION = YES;
				CLANG_WARN_OBJC_ROOT_CLASS = YES_ERROR;
				CLANG_WARN_QUOTED_INCLUDE_IN_FRAMEWORK_HEADER = YES;
				CLANG_WARN_RANGE_LOOP_ANALYSIS = YES;
				CLANG_WARN_STRICT_PROTOTYPES = YES;
				CLANG_WARN_SUSPICIOUS_MOVE = YES;
				CLANG_WARN_UNGUARDED_AVAILABILITY = YES_AGGRESSIVE;
				CLANG_WARN_UNREACHABLE_CODE = YES;
				CLANG_WARN__DUPLICATE_METHOD_MATCH = YES;
				COPY_PHASE_STRIP = NO;
				DEBUG_INFORMATION_FORMAT = dwarf;
				DEVELOPMENT_TEAM = D656GS6DUT;
				ENABLE_STRICT_OBJC_MSGSEND = YES;
				ENABLE_TESTABILITY = YES;
				ENABLE_USER_SCRIPT_SANDBOXING = YES;
				GCC_C_LANGUAGE_STANDARD = gnu17;
				GCC_DYNAMIC_NO_PIC = NO;
				GCC_NO_COMMON_BLOCKS = YES;
				GCC_OPTIMIZATION_LEVEL = 0;
				GCC_PREPROCESSOR_DEFINITIONS = (
					"DEBUG=1",
					"$(inherited)",
				);
				GCC_WARN_64_TO_32_BIT_CONVERSION = YES;
				GCC_WARN_ABOUT_RETURN_TYPE = YES_ERROR;
				GCC_WARN_UNDECLARED_SELECTOR = YES;
				GCC_WARN_UNINITIALIZED_AUTOS = YES_AGGRESSIVE;
				GCC_WARN_UNUSED_FUNCTION = YES;
				GCC_WARN_UNUSED_VARIABLE = YES;
				GENERATE_INFOPLIST_FILE = YES;
				LOCALIZATION_PREFERS_STRING_CATALOGS = YES;
				MTL_ENABLE_DEBUG_INFO = INCLUDE_SOURCE;
				MTL_FAST_MATH = YES;
				ONLY_ACTIVE_ARCH = YES;
				SWIFT_ACTIVE_COMPILATION_CONDITIONS = "DEBUG $(inherited)";
				SWIFT_OPTIMIZATION_LEVEL = "-Onone";
			};
			name = Debug;
		};
		1A943B682E33220000E80034 /* Release */ = {
			isa = XCBuildConfiguration;
			buildSettings = {
				ALWAYS_SEARCH_USER_PATHS = NO;
				ASSETCATALOG_COMPILER_GENERATE_SWIFT_ASSET_SYMBOL_EXTENSIONS = YES;
				CLANG_ANALYZER_NONNULL = YES;
				CLANG_ANALYZER_NUMBER_OBJECT_CONVERSION = YES_AGGRESSIVE;
				CLANG_CXX_LANGUAGE_STANDARD = "gnu++20";
				CLANG_ENABLE_MODULES = YES;
				CLANG_ENABLE_OBJC_ARC = YES;
				CLANG_ENABLE_OBJC_WEAK = YES;
				CLANG_WARN_BLOCK_CAPTURE_AUTORELEASING = YES;
				CLANG_WARN_BOOL_CONVERSION = YES;
				CLANG_WARN_COMMA = YES;
				CLANG_WARN_CONSTANT_CONVERSION = YES;
				CLANG_WARN_DEPRECATED_OBJC_IMPLEMENTATIONS = YES;
				CLANG_WARN_DIRECT_OBJC_ISA_USAGE = YES_ERROR;
				CLANG_WARN_DOCUMENTATION_COMMENTS = YES;
				CLANG_WARN_EMPTY_BODY = YES;
				CLANG_WARN_ENUM_CONVERSION = YES;
				CLANG_WARN_INFINITE_RECURSION = YES;
				CLANG_WARN_INT_CONVERSION = YES;
				CLANG_WARN_NON_LITERAL_NULL_CONVERSION = YES;
				CLANG_WARN_OBJC_IMPLICIT_RETAIN_SELF = YES;
				CLANG_WARN_OBJC_LITERAL_CONVERSION = YES;
				CLANG_WARN_OBJC_ROOT_CLASS = YES_ERROR;
				CLANG_WARN_QUOTED_INCLUDE_IN_FRAMEWORK_HEADER = YES;
				CLANG_WARN_RANGE_LOOP_ANALYSIS = YES;
				CLANG_WARN_STRICT_PROTOTYPES = YES;
				CLANG_WARN_SUSPICIOUS_MOVE = YES;
				CLANG_WARN_UNGUARDED_AVAILABILITY = YES_AGGRESSIVE;
				CLANG_WARN_UNREACHABLE_CODE = YES;
				CLANG_WARN__DUPLICATE_METHOD_MATCH = YES;
				COPY_PHASE_STRIP = NO;
				DEBUG_INFORMATION_FORMAT = "dwarf-with-dsym";
				DEVELOPMENT_TEAM = D656GS6DUT;
				ENABLE_NS_ASSERTIONS = NO;
				ENABLE_STRICT_OBJC_MSGSEND = YES;
				ENABLE_USER_SCRIPT_SANDBOXING = YES;
				GCC_C_LANGUAGE_STANDARD = gnu17;
				GCC_NO_COMMON_BLOCKS = YES;
				GCC_WARN_64_TO_32_BIT_CONVERSION = YES;
				GCC_WARN_ABOUT_RETURN_TYPE = YES_ERROR;
				GCC_WARN_UNDECLARED_SELECTOR = YES;
				GCC_WARN_UNINITIALIZED_AUTOS = YES_AGGRESSIVE;
				GCC_WARN_UNUSED_FUNCTION = YES;
				GCC_WARN_UNUSED_VARIABLE = YES;
				GENERATE_INFOPLIST_FILE = YES;
				LOCALIZATION_PREFERS_STRING_CATALOGS = YES;
				MTL_ENABLE_DEBUG_INFO = NO;
				MTL_FAST_MATH = YES;
				SWIFT_COMPILATION_MODE = wholemodule;
			};
			name = Release;
		};
		1AC768922E3338D2003E1173 /* Debug */ = {
			isa = XCBuildConfiguration;
			buildSettings = {
				ASSETCATALOG_COMPILER_APPICON_NAME = AppIcon;
				ASSETCATALOG_COMPILER_GLOBAL_ACCENT_COLOR_NAME = AccentColor;
				ASSETCATALOG_COMPILER_INCLUDE_ALL_APPICON_ASSETS = YES;
				CODE_SIGN_IDENTITY = "Apple Development";
				CODE_SIGN_STYLE = Automatic;
				CURRENT_PROJECT_VERSION = 1;
				DEVELOPMENT_TEAM = D656GS6DUT;
				ENABLE_PREVIEWS = YES;
				GENERATE_INFOPLIST_FILE = YES;
				INFOPLIST_FILE = MarkdownExportHelper/Info.plist;
				INFOPLIST_KEY_LSApplicationCategoryType = "public.app-category.developer-tools";
				INFOPLIST_KEY_UIApplicationSceneManifest_Generation = YES;
				INFOPLIST_KEY_UIApplicationSupportsIndirectInputEvents = YES;
				INFOPLIST_KEY_UILaunchScreen_Generation = YES;
				INFOPLIST_KEY_UISupportedInterfaceOrientations_iPad = "UIInterfaceOrientationPortrait UIInterfaceOrientationPortraitUpsideDown UIInterfaceOrientationLandscapeLeft UIInterfaceOrientationLandscapeRight";
				INFOPLIST_KEY_UISupportedInterfaceOrientations_iPhone = "UIInterfaceOrientationPortrait UIInterfaceOrientationLandscapeLeft UIInterfaceOrientationLandscapeRight";
				IPHONEOS_DEPLOYMENT_TARGET = 18.5;
				LD_RUNPATH_SEARCH_PATHS = (
					"$(inherited)",
					"@executable_path/Frameworks",
				);
				MARKETING_VERSION = 1.0;
				PRODUCT_BUNDLE_IDENTIFIER = com.gigass.MarkdownExportHelper;
				PRODUCT_NAME = "$(TARGET_NAME)";
				PROVISIONING_PROFILE_SPECIFIER = "";
				SDKROOT = iphoneos;
				SUPPORTED_PLATFORMS = "iphoneos iphonesimulator";
				SUPPORTS_MACCATALYST = NO;
				SUPPORTS_MAC_DESIGNED_FOR_IPHONE_IPAD = NO;
				SUPPORTS_XR_DESIGNED_FOR_IPHONE_IPAD = NO;
				SWIFT_EMIT_LOC_STRINGS = YES;
				SWIFT_VERSION = 5.0;
				TARGETED_DEVICE_FAMILY = "1,2";
			};
			name = Debug;
		};
		1AC768932E3338D2003E1173 /* Release */ = {
			isa = XCBuildConfiguration;
			buildSettings = {
				ASSETCATALOG_COMPILER_APPICON_NAME = AppIcon;
				ASSETCATALOG_COMPILER_GLOBAL_ACCENT_COLOR_NAME = AccentColor;
				ASSETCATALOG_COMPILER_INCLUDE_ALL_APPICON_ASSETS = YES;
				CODE_SIGN_IDENTITY = "Apple Development";
				CODE_SIGN_STYLE = Automatic;
				CURRENT_PROJECT_VERSION = 1;
				DEVELOPMENT_TEAM = D656GS6DUT;
				ENABLE_PREVIEWS = YES;
				GENERATE_INFOPLIST_FILE = YES;
				INFOPLIST_FILE = MarkdownExportHelper/Info.plist;
				INFOPLIST_KEY_LSApplicationCategoryType = "public.app-category.developer-tools";
				INFOPLIST_KEY_UIApplicationSceneManifest_Generation = YES;
				INFOPLIST_KEY_UIApplicationSupportsIndirectInputEvents = YES;
				INFOPLIST_KEY_UILaunchScreen_Generation = YES;
				INFOPLIST_KEY_UISupportedInterfaceOrientations_iPad = "UIInterfaceOrientationPortrait UIInterfaceOrientationPortraitUpsideDown UIInterfaceOrientationLandscapeLeft UIInterfaceOrientationLandscapeRight";
				INFOPLIST_KEY_UISupportedInterfaceOrientations_iPhone = "UIInterfaceOrientationPortrait UIInterfaceOrientationLandscapeLeft UIInterfaceOrientationLandscapeRight";
				IPHONEOS_DEPLOYMENT_TARGET = 18.5;
				LD_RUNPATH_SEARCH_PATHS = (
					"$(inherited)",
					"@executable_path/Frameworks",
				);
				MARKETING_VERSION = 1.0;
				PRODUCT_BUNDLE_IDENTIFIER = com.gigass.MarkdownExportHelper;
				PRODUCT_NAME = "$(TARGET_NAME)";
				PROVISIONING_PROFILE_SPECIFIER = "";
				SDKROOT = iphoneos;
				SUPPORTED_PLATFORMS = "iphoneos iphonesimulator";
				SUPPORTS_MACCATALYST = NO;
				SUPPORTS_MAC_DESIGNED_FOR_IPHONE_IPAD = NO;
				SUPPORTS_XR_DESIGNED_FOR_IPHONE_IPAD = NO;
				SWIFT_EMIT_LOC_STRINGS = YES;
				SWIFT_VERSION = 5.0;
				TARGETED_DEVICE_FAMILY = "1,2";
				VALIDATE_PRODUCT = YES;
			};
			name = Release;
		};
		1AC768952E3338D2003E1173 /* Debug */ = {
			isa = XCBuildConfiguration;
			buildSettings = {
				BUNDLE_LOADER = "$(TEST_HOST)";
				CODE_SIGN_STYLE = Automatic;
				CURRENT_PROJECT_VERSION = 1;
				DEVELOPMENT_TEAM = D656GS6DUT;
				GENERATE_INFOPLIST_FILE = YES;
				IPHONEOS_DEPLOYMENT_TARGET = 18.5;
				MARKETING_VERSION = 1.0;
				PRODUCT_BUNDLE_IDENTIFIER = com.gigass.MarkdownExportHelperTests;
				PRODUCT_NAME = "$(TARGET_NAME)";
				SDKROOT = iphoneos;
				SWIFT_EMIT_LOC_STRINGS = NO;
				SWIFT_VERSION = 5.0;
				TARGETED_DEVICE_FAMILY = "1,2";
				TEST_HOST = "$(BUILT_PRODUCTS_DIR)/MarkdownExportHelper.app/$(BUNDLE_EXECUTABLE_FOLDER_PATH)/MarkdownExportHelper";
			};
			name = Debug;
		};
		1AC768962E3338D2003E1173 /* Release */ = {
			isa = XCBuildConfiguration;
			buildSettings = {
				BUNDLE_LOADER = "$(TEST_HOST)";
				CODE_SIGN_STYLE = Automatic;
				CURRENT_PROJECT_VERSION = 1;
				DEVELOPMENT_TEAM = D656GS6DUT;
				GENERATE_INFOPLIST_FILE = YES;
				IPHONEOS_DEPLOYMENT_TARGET = 18.5;
				MARKETING_VERSION = 1.0;
				PRODUCT_BUNDLE_IDENTIFIER = com.gigass.MarkdownExportHelperTests;
				PRODUCT_NAME = "$(TARGET_NAME)";
				SDKROOT = iphoneos;
				SWIFT_EMIT_LOC_STRINGS = NO;
				SWIFT_VERSION = 5.0;
				TARGETED_DEVICE_FAMILY = "1,2";
				TEST_HOST = "$(BUILT_PRODUCTS_DIR)/MarkdownExportHelper.app/$(BUNDLE_EXECUTABLE_FOLDER_PATH)/MarkdownExportHelper";
				VALIDATE_PRODUCT = YES;
			};
			name = Release;
		};
		1AC768982E3338D2003E1173 /* Debug */ = {
			isa = XCBuildConfiguration;
			buildSettings = {
				CODE_SIGN_STYLE = Automatic;
				CURRENT_PROJECT_VERSION = 1;
				DEVELOPMENT_TEAM = D656GS6DUT;
				GENERATE_INFOPLIST_FILE = YES;
				INFOPLIST_KEY_NSPhotoLibraryAddUsageDescription = "打开相册";
				IPHONEOS_DEPLOYMENT_TARGET = 18.5;
				MARKETING_VERSION = 1.0;
				PRODUCT_BUNDLE_IDENTIFIER = com.gigass.MarkdownExportHelperUITests;
				PRODUCT_NAME = "$(TARGET_NAME)";
				SDKROOT = iphoneos;
				SWIFT_EMIT_LOC_STRINGS = NO;
				SWIFT_VERSION = 5.0;
				TARGETED_DEVICE_FAMILY = "1,2";
				TEST_TARGET_NAME = MarkdownExportHelper;
			};
			name = Debug;
		};
		1AC768992E3338D2003E1173 /* Release */ = {
			isa = XCBuildConfiguration;
			buildSettings = {
				CODE_SIGN_STYLE = Automatic;
				CURRENT_PROJECT_VERSION = 1;
				DEVELOPMENT_TEAM = D656GS6DUT;
				GENERATE_INFOPLIST_FILE = YES;
				INFOPLIST_KEY_NSPhotoLibraryAddUsageDescription = "打开相册";
				IPHONEOS_DEPLOYMENT_TARGET = 18.5;
				MARKETING_VERSION = 1.0;
				PRODUCT_BUNDLE_IDENTIFIER = com.gigass.MarkdownExportHelperUITests;
				PRODUCT_NAME = "$(TARGET_NAME)";
				SDKROOT = iphoneos;
				SWIFT_EMIT_LOC_STRINGS = NO;
				SWIFT_VERSION = 5.0;
				TARGETED_DEVICE_FAMILY = "1,2";
				TEST_TARGET_NAME = MarkdownExportHelper;
				VALIDATE_PRODUCT = YES;
			};
			name = Release;
		};
/* End XCBuildConfiguration section */

/* Begin XCConfigurationList section */
		1A943B422E3321FE00E80034 /* Build configuration list for PBXProject "MarkdownExportHelper" */ = {
			isa = XCConfigurationList;
			buildConfigurations = (
				1A943B672E33220000E80034 /* Debug */,
				1A943B682E33220000E80034 /* Release */,
			);
			defaultConfigurationIsVisible = 0;
			defaultConfigurationName = Release;
		};
		1AC768912E3338D2003E1173 /* Build configuration list for PBXNativeTarget "MarkdownExportHelper" */ = {
			isa = XCConfigurationList;
			buildConfigurations = (
				1AC768922E3338D2003E1173 /* Debug */,
				1AC768932E3338D2003E1173 /* Release */,
			);
			defaultConfigurationIsVisible = 0;
			defaultConfigurationName = Release;
		};
		1AC768942E3338D2003E1173 /* Build configuration list for PBXNativeTarget "MarkdownExportHelperTests" */ = {
			isa = XCConfigurationList;
			buildConfigurations = (
				1AC768952E3338D2003E1173 /* Debug */,
				1AC768962E3338D2003E1173 /* Release */,
			);
			defaultConfigurationIsVisible = 0;
			defaultConfigurationName = Release;
		};
		1AC768972E3338D2003E1173 /* Build configuration list for PBXNativeTarget "MarkdownExportHelperUITests" */ = {
			isa = XCConfigurationList;
			buildConfigurations = (
				1AC768982E3338D2003E1173 /* Debug */,
				1AC768992E3338D2003E1173 /* Release */,
			);
			defaultConfigurationIsVisible = 0;
			defaultConfigurationName = Release;
		};
/* End XCConfigurationList section */

/* Begin XCRemoteSwiftPackageReference section */
		1A943B812E33252800E80034 /* XCRemoteSwiftPackageReference "swift-algorithms" */ = {
			isa = XCRemoteSwiftPackageReference;
			repositoryURL = "https://github.com/apple/swift-algorithms.git";
			requirement = {
				kind = upToNextMajorVersion;
				minimumVersion = 1.2.1;
			};
		};
		1A943B822E33258400E80034 /* XCRemoteSwiftPackageReference "swift-markdown-ui" */ = {
			isa = XCRemoteSwiftPackageReference;
			repositoryURL = "https://github.com/gonzalezreal/swift-markdown-ui.git";
			requirement = {
				kind = upToNextMajorVersion;
				minimumVersion = 2.4.1;
			};
		};
		1A943B832E33259400E80034 /* XCRemoteSwiftPackageReference "ink" */ = {
			isa = XCRemoteSwiftPackageReference;
			repositoryURL = "https://github.com/johnsundell/ink.git";
			requirement = {
				kind = upToNextMajorVersion;
				minimumVersion = 0.6.0;
			};
		};
		1AE18FE92E3327AF0009FE64 /* XCRemoteSwiftPackageReference "ToastUI" */ = {
			isa = XCRemoteSwiftPackageReference;
			repositoryURL = "https://github.com/quanshousio/ToastUI.git";
			requirement = {
				kind = upToNextMajorVersion;
				minimumVersion = 4.0.0;
			};
		};
/* End XCRemoteSwiftPackageReference section */
	};
	rootObject = 1A943B3F2E3321FE00E80034 /* Project object */;
}
